// !$*UTF8*$!
{
	archiveVersion = 1;
	classes = {
	};
	objectVersion = 77;
	objects = {

/* Begin PBXBuildFile section */
		4B116E352E22BF8400B45CEC /* Persistence.swift in Sources */ = {isa = PBXBuildFile; fileRef = 4B116E2E2E22BF8400B45CEC /* Persistence.swift */; };
		4B116E362E22BF8400B45CEC /* Qoop.xcdatamodeld in Sources */ = {isa = PBXBuildFile; fileRef = 4B116E302E22BF8400B45CEC /* Qoop.xcdatamodeld */; };
		4B116E372E22BF8400B45CEC /* QoopApp.swift in Sources */ = {isa = PBXBuildFile; fileRef = 4B116E312E22BF8400B45CEC /* QoopApp.swift */; };
		4B116E382E22BF8400B45CEC /* Assets.xcassets in Resources */ = {isa = PBXBuildFile; fileRef = 4B116E2B2E22BF8400B45CEC /* Assets.xcassets */; };
		4B116E3C2E22BF8C00B45CEC /* QoopTests.swift in Sources */ = {isa = PBXBuildFile; fileRef = 4B116E3A2E22BF8C00B45CEC /* QoopTests.swift */; };
		4B116E402E22BF9100B45CEC /* QoopUITests.swift in Sources */ = {isa = PBXBuildFile; fileRef = 4B116E3D2E22BF9100B45CEC /* QoopUITests.swift */; };
		4B116E412E22BF9100B45CEC /* QoopUITestsLaunchTests.swift in Sources */ = {isa = PBXBuildFile; fileRef = 4B116E3E2E22BF9100B45CEC /* QoopUITestsLaunchTests.swift */; };
		4B116E472E22C64C00B45CEC /* BudgetListScreen.swift in Sources */ = {isa = PBXBuildFile; fileRef = 4B116E462E22C64C00B45CEC /* BudgetListScreen.swift */; };
		4B116E492E22E5C700B45CEC /* AddBudgetScreen.swift in Sources */ = {isa = PBXBuildFile; fileRef = 4B116E482E22E5C700B45CEC /* AddBudgetScreen.swift */; };
		4B116E4C2E22EA1D00B45CEC /* String+Extensions.swift in Sources */ = {isa = PBXBuildFile; fileRef = 4B116E4B2E22EA1D00B45CEC /* String+Extensions.swift */; };
		4B116E4F2E23F3DE00B45CEC /* BudgetViewModel.swift in Sources */ = {isa = PBXBuildFile; fileRef = 4B116E4E2E23F3DE00B45CEC /* BudgetViewModel.swift */; };
		4B116E512E2405A100B45CEC /* Budget+Extensions.swift in Sources */ = {isa = PBXBuildFile; fileRef = 4B116E502E2405A100B45CEC /* Budget+Extensions.swift */; };
		4B116E542E241A4700B45CEC /* BudgetCardView.swift in Sources */ = {isa = PBXBuildFile; fileRef = 4B116E532E241A4700B45CEC /* BudgetCardView.swift */; };
		4B116E582E2422E900B45CEC /* emojiCategories.swift in Sources */ = {isa = PBXBuildFile; fileRef = 4B116E572E2422E900B45CEC /* emojiCategories.swift */; };
		4B116E5A2E24294A00B45CEC /* EmojiPickerView.swift in Sources */ = {isa = PBXBuildFile; fileRef = 4B116E592E24294A00B45CEC /* EmojiPickerView.swift */; };
		4B116E5C2E242CD300B45CEC /* EmojiPickerRow.swift in Sources */ = {isa = PBXBuildFile; fileRef = 4B116E5B2E242CD300B45CEC /* EmojiPickerRow.swift */; };
		4B116E602E25757C00B45CEC /* BudgetDetailScreen.swift in Sources */ = {isa = PBXBuildFile; fileRef = 4B116E5F2E25757C00B45CEC /* BudgetDetailScreen.swift */; };
		4B116E622E2582E000B45CEC /* ExpenseViewModel.swift in Sources */ = {isa = PBXBuildFile; fileRef = 4B116E612E2582E000B45CEC /* ExpenseViewModel.swift */; };
		4B116E642E26A52800B45CEC /* Locale+Extensions.swift in Sources */ = {isa = PBXBuildFile; fileRef = 4B116E632E26A52800B45CEC /* Locale+Extensions.swift */; };
		4B116E662E26A7C300B45CEC /* ExpenseCardView.swift in Sources */ = {isa = PBXBuildFile; fileRef = 4B116E652E26A7C300B45CEC /* ExpenseCardView.swift */; };
		4B116E682E26A8A300B45CEC /* Expense+Extensions.swift in Sources */ = {isa = PBXBuildFile; fileRef = 4B116E672E26A8A300B45CEC /* Expense+Extensions.swift */; };
		4B116E6A2E27F9FD00B45CEC /* EditExpenseScreen.swift in Sources */ = {isa = PBXBuildFile; fileRef = 4B116E692E27F9FD00B45CEC /* EditExpenseScreen.swift */; };
		4B116E6C2E293CE200B45CEC /* AddExpenseScreen.swift in Sources */ = {isa = PBXBuildFile; fileRef = 4B116E6B2E293CE200B45CEC /* AddExpenseScreen.swift */; };
		4B116E6E2E2D429700B45CEC /* EditBudgetScreen.swift in Sources */ = {isa = PBXBuildFile; fileRef = 4B116E6D2E2D429700B45CEC /* EditBudgetScreen.swift */; };
		4B116E702E2FCA0300B45CEC /* ActiveBudgetsSectionView.swift in Sources */ = {isa = PBXBuildFile; fileRef = 4B116E6F2E2FCA0300B45CEC /* ActiveBudgetsSectionView.swift */; };
		4B116E722E2FCB0200B45CEC /* OtherBudgetsSectionView.swift in Sources */ = {isa = PBXBuildFile; fileRef = 4B116E712E2FCB0200B45CEC /* OtherBudgetsSectionView.swift */; };
		4B116E772E340A4F00B45CEC /* ExpenseError.swift in Sources */ = {isa = PBXBuildFile; fileRef = 4B116E762E340A4F00B45CEC /* ExpenseError.swift */; };
		4B116E792E351A6D00B45CEC /* BudgetError.swift in Sources */ = {isa = PBXBuildFile; fileRef = 4B116E782E351A6D00B45CEC /* BudgetError.swift */; };
/* End PBXBuildFile section */

/* Begin PBXContainerItemProxy section */
		4B116E0E2E22BF7000B45CEC /* PBXContainerItemProxy */ = {
			isa = PBXContainerItemProxy;
			containerPortal = 4B116DF12E22BF6E00B45CEC /* Project object */;
			proxyType = 1;
			remoteGlobalIDString = 4B116DF82E22BF6E00B45CEC;
			remoteInfo = Qoop;
		};
		4B116E182E22BF7000B45CEC /* PBXContainerItemProxy */ = {
			isa = PBXContainerItemProxy;
			containerPortal = 4B116DF12E22BF6E00B45CEC /* Project object */;
			proxyType = 1;
			remoteGlobalIDString = 4B116DF82E22BF6E00B45CEC;
			remoteInfo = Qoop;
		};
/* End PBXContainerItemProxy section */

/* Begin PBXFileReference section */
		4B116DF92E22BF6E00B45CEC /* Qoop.app */ = {isa = PBXFileReference; explicitFileType = wrapper.application; includeInIndex = 0; path = Qoop.app; sourceTree = BUILT_PRODUCTS_DIR; };
		4B116E0D2E22BF7000B45CEC /* QoopTests.xctest */ = {isa = PBXFileReference; explicitFileType = wrapper.cfbundle; includeInIndex = 0; path = QoopTests.xctest; sourceTree = BUILT_PRODUCTS_DIR; };
		4B116E172E22BF7000B45CEC /* QoopUITests.xctest */ = {isa = PBXFileReference; explicitFileType = wrapper.cfbundle; includeInIndex = 0; path = QoopUITests.xctest; sourceTree = BUILT_PRODUCTS_DIR; };
		4B116E2B2E22BF8400B45CEC /* Assets.xcassets */ = {isa = PBXFileReference; lastKnownFileType = folder.assetcatalog; path = Assets.xcassets; sourceTree = "<group>"; };
		4B116E2D2E22BF8400B45CEC /* Info.plist */ = {isa = PBXFileReference; lastKnownFileType = text.plist.xml; path = Info.plist; sourceTree = "<group>"; };
		4B116E2E2E22BF8400B45CEC /* Persistence.swift */ = {isa = PBXFileReference; lastKnownFileType = sourcecode.swift; path = Persistence.swift; sourceTree = "<group>"; };
		4B116E2F2E22BF8400B45CEC /* Qoop.entitlements */ = {isa = PBXFileReference; lastKnownFileType = text.plist.entitlements; path = Qoop.entitlements; sourceTree = "<group>"; };
		4B116E312E22BF8400B45CEC /* QoopApp.swift */ = {isa = PBXFileReference; lastKnownFileType = sourcecode.swift; path = QoopApp.swift; sourceTree = "<group>"; };
		4B116E332E22BF8400B45CEC /* Qoop.xcdatamodel */ = {isa = PBXFileReference; lastKnownFileType = wrapper.xcdatamodel; path = Qoop.xcdatamodel; sourceTree = "<group>"; };
		4B116E3A2E22BF8C00B45CEC /* QoopTests.swift */ = {isa = PBXFileReference; lastKnownFileType = sourcecode.swift; path = QoopTests.swift; sourceTree = "<group>"; };
		4B116E3D2E22BF9100B45CEC /* QoopUITests.swift */ = {isa = PBXFileReference; lastKnownFileType = sourcecode.swift; path = QoopUITests.swift; sourceTree = "<group>"; };
		4B116E3E2E22BF9100B45CEC /* QoopUITestsLaunchTests.swift */ = {isa = PBXFileReference; lastKnownFileType = sourcecode.swift; path = QoopUITestsLaunchTests.swift; sourceTree = "<group>"; };
		4B116E462E22C64C00B45CEC /* BudgetListScreen.swift */ = {isa = PBXFileReference; lastKnownFileType = sourcecode.swift; path = BudgetListScreen.swift; sourceTree = "<group>"; };
		4B116E482E22E5C700B45CEC /* AddBudgetScreen.swift */ = {isa = PBXFileReference; lastKnownFileType = sourcecode.swift; path = AddBudgetScreen.swift; sourceTree = "<group>"; };
		4B116E4B2E22EA1D00B45CEC /* String+Extensions.swift */ = {isa = PBXFileReference; lastKnownFileType = sourcecode.swift; path = "String+Extensions.swift"; sourceTree = "<group>"; };
		4B116E4E2E23F3DE00B45CEC /* BudgetViewModel.swift */ = {isa = PBXFileReference; lastKnownFileType = sourcecode.swift; path = BudgetViewModel.swift; sourceTree = "<group>"; };
		4B116E502E2405A100B45CEC /* Budget+Extensions.swift */ = {isa = PBXFileReference; lastKnownFileType = sourcecode.swift; path = "Budget+Extensions.swift"; sourceTree = "<group>"; };
		4B116E532E241A4700B45CEC /* BudgetCardView.swift */ = {isa = PBXFileReference; lastKnownFileType = sourcecode.swift; path = BudgetCardView.swift; sourceTree = "<group>"; };
		4B116E572E2422E900B45CEC /* emojiCategories.swift */ = {isa = PBXFileReference; lastKnownFileType = sourcecode.swift; path = emojiCategories.swift; sourceTree = "<group>"; };
		4B116E592E24294A00B45CEC /* EmojiPickerView.swift */ = {isa = PBXFileReference; lastKnownFileType = sourcecode.swift; path = EmojiPickerView.swift; sourceTree = "<group>"; };
		4B116E5B2E242CD300B45CEC /* EmojiPickerRow.swift */ = {isa = PBXFileReference; lastKnownFileType = sourcecode.swift; path = EmojiPickerRow.swift; sourceTree = "<group>"; };
		4B116E5F2E25757C00B45CEC /* BudgetDetailScreen.swift */ = {isa = PBXFileReference; lastKnownFileType = sourcecode.swift; path = BudgetDetailScreen.swift; sourceTree = "<group>"; };
		4B116E612E2582E000B45CEC /* ExpenseViewModel.swift */ = {isa = PBXFileReference; lastKnownFileType = sourcecode.swift; path = ExpenseViewModel.swift; sourceTree = "<group>"; };
		4B116E632E26A52800B45CEC /* Locale+Extensions.swift */ = {isa = PBXFileReference; lastKnownFileType = sourcecode.swift; path = "Locale+Extensions.swift"; sourceTree = "<group>"; };
		4B116E652E26A7C300B45CEC /* ExpenseCardView.swift */ = {isa = PBXFileReference; lastKnownFileType = sourcecode.swift; path = ExpenseCardView.swift; sourceTree = "<group>"; };
		4B116E672E26A8A300B45CEC /* Expense+Extensions.swift */ = {isa = PBXFileReference; lastKnownFileType = sourcecode.swift; path = "Expense+Extensions.swift"; sourceTree = "<group>"; };
		4B116E692E27F9FD00B45CEC /* EditExpenseScreen.swift */ = {isa = PBXFileReference; lastKnownFileType = sourcecode.swift; path = EditExpenseScreen.swift; sourceTree = "<group>"; };
		4B116E6B2E293CE200B45CEC /* AddExpenseScreen.swift */ = {isa = PBXFileReference; lastKnownFileType = sourcecode.swift; path = AddExpenseScreen.swift; sourceTree = "<group>"; };
		4B116E6D2E2D429700B45CEC /* EditBudgetScreen.swift */ = {isa = PBXFileReference; lastKnownFileType = sourcecode.swift; path = EditBudgetScreen.swift; sourceTree = "<group>"; };
		4B116E6F2E2FCA0300B45CEC /* ActiveBudgetsSectionView.swift */ = {isa = PBXFileReference; lastKnownFileType = sourcecode.swift; path = ActiveBudgetsSectionView.swift; sourceTree = "<group>"; };
		4B116E712E2FCB0200B45CEC /* OtherBudgetsSectionView.swift */ = {isa = PBXFileReference; lastKnownFileType = sourcecode.swift; path = OtherBudgetsSectionView.swift; sourceTree = "<group>"; };
		4B116E762E340A4F00B45CEC /* ExpenseError.swift */ = {isa = PBXFileReference; lastKnownFileType = sourcecode.swift; path = ExpenseError.swift; sourceTree = "<group>"; };
		4B116E782E351A6D00B45CEC /* BudgetError.swift */ = {isa = PBXFileReference; lastKnownFileType = sourcecode.swift; path = BudgetError.swift; sourceTree = "<group>"; };
/* End PBXFileReference section */

/* Begin PBXFrameworksBuildPhase section */
		4B116DF62E22BF6E00B45CEC /* Frameworks */ = {
			isa = PBXFrameworksBuildPhase;
			buildActionMask = 2147483647;
			files = (
			);
			runOnlyForDeploymentPostprocessing = 0;
		};
		4B116E0A2E22BF7000B45CEC /* Frameworks */ = {
			isa = PBXFrameworksBuildPhase;
			buildActionMask = 2147483647;
			files = (
			);
			runOnlyForDeploymentPostprocessing = 0;
		};
		4B116E142E22BF7000B45CEC /* Frameworks */ = {
			isa = PBXFrameworksBuildPhase;
			buildActionMask = 2147483647;
			files = (
			);
			runOnlyForDeploymentPostprocessing = 0;
		};
/* End PBXFrameworksBuildPhase section */

/* Begin PBXGroup section */
		4B116DF02E22BF6E00B45CEC = {
			isa = PBXGroup;
			children = (
				4B116E322E22BF8400B45CEC /* Qoop */,
				4B116E3B2E22BF8C00B45CEC /* QoopTests */,
				4B116E3F2E22BF9100B45CEC /* QoopUITests */,
				4B116DFA2E22BF6E00B45CEC /* Products */,
			);
			sourceTree = "<group>";
		};
		4B116DFA2E22BF6E00B45CEC /* Products */ = {
			isa = PBXGroup;
			children = (
				4B116DF92E22BF6E00B45CEC /* Qoop.app */,
				4B116E0D2E22BF7000B45CEC /* QoopTests.xctest */,
				4B116E172E22BF7000B45CEC /* QoopUITests.xctest */,
			);
			name = Products;
			sourceTree = "<group>";
		};
		4B116E322E22BF8400B45CEC /* Qoop */ = {
			isa = PBXGroup;
			children = (
				4B116E312E22BF8400B45CEC /* QoopApp.swift */,
				4B116E452E22C5B400B45CEC /* Screens */,
				4B116E522E241A2A00B45CEC /* Views */,
				4B116E4D2E23F3C800B45CEC /* ViewModels */,
				4B116E752E340A2C00B45CEC /* Errors */,
				4B116E4A2E22EA0600B45CEC /* Extensions */,
				4B116E552E24227D00B45CEC /* EmojiPicker */,
				4B116E2E2E22BF8400B45CEC /* Persistence.swift */,
				4B116E2B2E22BF8400B45CEC /* Assets.xcassets */,
				4B116E2D2E22BF8400B45CEC /* Info.plist */,
				4B116E2F2E22BF8400B45CEC /* Qoop.entitlements */,
				4B116E302E22BF8400B45CEC /* Qoop.xcdatamodeld */,
			);
			path = Qoop;
			sourceTree = "<group>";
		};
		4B116E3B2E22BF8C00B45CEC /* QoopTests */ = {
			isa = PBXGroup;
			children = (
				4B116E3A2E22BF8C00B45CEC /* QoopTests.swift */,
			);
			path = QoopTests;
			sourceTree = "<group>";
		};
		4B116E3F2E22BF9100B45CEC /* QoopUITests */ = {
			isa = PBXGroup;
			children = (
				4B116E3D2E22BF9100B45CEC /* QoopUITests.swift */,
				4B116E3E2E22BF9100B45CEC /* QoopUITestsLaunchTests.swift */,
			);
			path = QoopUITests;
			sourceTree = "<group>";
		};
		4B116E452E22C5B400B45CEC /* Screens */ = {
			isa = PBXGroup;
			children = (
				4B116E462E22C64C00B45CEC /* BudgetListScreen.swift */,
				4B116E5F2E25757C00B45CEC /* BudgetDetailScreen.swift */,
				4B116E482E22E5C700B45CEC /* AddBudgetScreen.swift */,
				4B116E6B2E293CE200B45CEC /* AddExpenseScreen.swift */,
				4B116E692E27F9FD00B45CEC /* EditExpenseScreen.swift */,
				4B116E6D2E2D429700B45CEC /* EditBudgetScreen.swift */,
			);
			path = Screens;
			sourceTree = "<group>";
		};
		4B116E4A2E22EA0600B45CEC /* Extensions */ = {
			isa = PBXGroup;
			children = (
				4B116E502E2405A100B45CEC /* Budget+Extensions.swift */,
				4B116E672E26A8A300B45CEC /* Expense+Extensions.swift */,
				4B116E4B2E22EA1D00B45CEC /* String+Extensions.swift */,
				4B116E632E26A52800B45CEC /* Locale+Extensions.swift */,
			);
			path = Extensions;
			sourceTree = "<group>";
		};
		4B116E4D2E23F3C800B45CEC /* ViewModels */ = {
			isa = PBXGroup;
			children = (
				4B116E4E2E23F3DE00B45CEC /* BudgetViewModel.swift */,
				4B116E612E2582E000B45CEC /* ExpenseViewModel.swift */,
			);
			path = ViewModels;
			sourceTree = "<group>";
		};
		4B116E522E241A2A00B45CEC /* Views */ = {
			isa = PBXGroup;
			children = (
				4B116E532E241A4700B45CEC /* BudgetCardView.swift */,
				4B116E652E26A7C300B45CEC /* ExpenseCardView.swift */,
				4B116E6F2E2FCA0300B45CEC /* ActiveBudgetsSectionView.swift */,
				4B116E712E2FCB0200B45CEC /* OtherBudgetsSectionView.swift */,
			);
			path = Views;
			sourceTree = "<group>";
		};
		4B116E552E24227D00B45CEC /* EmojiPicker */ = {
			isa = PBXGroup;
			children = (
				4B116E572E2422E900B45CEC /* emojiCategories.swift */,
				4B116E592E24294A00B45CEC /* EmojiPickerView.swift */,
				4B116E5B2E242CD300B45CEC /* EmojiPickerRow.swift */,
			);
			path = EmojiPicker;
			sourceTree = "<group>";
		};
		4B116E752E340A2C00B45CEC /* Errors */ = {
			isa = PBXGroup;
			children = (
				4B116E762E340A4F00B45CEC /* ExpenseError.swift */,
				4B116E782E351A6D00B45CEC /* BudgetError.swift */,
			);
			path = Errors;
			sourceTree = "<group>";
		};
/* End PBXGroup section */

/* Begin PBXNativeTarget section */
		4B116DF82E22BF6E00B45CEC /* Qoop */ = {
			isa = PBXNativeTarget;
			buildConfigurationList = 4B116E202E22BF7000B45CEC /* Build configuration list for PBXNativeTarget "Qoop" */;
			buildPhases = (
				4B116DF52E22BF6E00B45CEC /* Sources */,
				4B116DF62E22BF6E00B45CEC /* Frameworks */,
				4B116DF72E22BF6E00B45CEC /* Resources */,
			);
			buildRules = (
			);
			dependencies = (
			);
			name = Qoop;
			packageProductDependencies = (
			);
			productName = Qoop;
			productReference = 4B116DF92E22BF6E00B45CEC /* Qoop.app */;
			productType = "com.apple.product-type.application";
		};
		4B116E0C2E22BF7000B45CEC /* QoopTests */ = {
			isa = PBXNativeTarget;
			buildConfigurationList = 4B116E252E22BF7000B45CEC /* Build configuration list for PBXNativeTarget "QoopTests" */;
			buildPhases = (
				4B116E092E22BF7000B45CEC /* Sources */,
				4B116E0A2E22BF7000B45CEC /* Frameworks */,
				4B116E0B2E22BF7000B45CEC /* Resources */,
			);
			buildRules = (
			);
			dependencies = (
				4B116E0F2E22BF7000B45CEC /* PBXTargetDependency */,
			);
			name = QoopTests;
			packageProductDependencies = (
			);
			productName = QoopTests;
			productReference = 4B116E0D2E22BF7000B45CEC /* QoopTests.xctest */;
			productType = "com.apple.product-type.bundle.unit-test";
		};
		4B116E162E22BF7000B45CEC /* QoopUITests */ = {
			isa = PBXNativeTarget;
			buildConfigurationList = 4B116E282E22BF7000B45CEC /* Build configuration list for PBXNativeTarget "QoopUITests" */;
			buildPhases = (
				4B116E132E22BF7000B45CEC /* Sources */,
				4B116E142E22BF7000B45CEC /* Frameworks */,
				4B116E152E22BF7000B45CEC /* Resources */,
			);
			buildRules = (
			);
			dependencies = (
				4B116E192E22BF7000B45CEC /* PBXTargetDependency */,
			);
			name = QoopUITests;
			packageProductDependencies = (
			);
			productName = QoopUITests;
			productReference = 4B116E172E22BF7000B45CEC /* QoopUITests.xctest */;
			productType = "com.apple.product-type.bundle.ui-testing";
		};
/* End PBXNativeTarget section */

/* Begin PBXProject section */
		4B116DF12E22BF6E00B45CEC /* Project object */ = {
			isa = PBXProject;
			attributes = {
				BuildIndependentTargetsInParallel = 1;
				LastSwiftUpdateCheck = 1640;
				LastUpgradeCheck = 1640;
				TargetAttributes = {
					4B116DF82E22BF6E00B45CEC = {
						CreatedOnToolsVersion = 16.4;
					};
					4B116E0C2E22BF7000B45CEC = {
						CreatedOnToolsVersion = 16.4;
						TestTargetID = 4B116DF82E22BF6E00B45CEC;
					};
					4B116E162E22BF7000B45CEC = {
						CreatedOnToolsVersion = 16.4;
						TestTargetID = 4B116DF82E22BF6E00B45CEC;
					};
				};
			};
			buildConfigurationList = 4B116DF42E22BF6E00B45CEC /* Build configuration list for PBXProject "Qoop" */;
			developmentRegion = en;
			hasScannedForEncodings = 0;
			knownRegions = (
				en,
				Base,
			);
			mainGroup = 4B116DF02E22BF6E00B45CEC;
			minimizedProjectReferenceProxies = 1;
			preferredProjectObjectVersion = 77;
			productRefGroup = 4B116DFA2E22BF6E00B45CEC /* Products */;
			projectDirPath = "";
			projectRoot = "";
			targets = (
				4B116DF82E22BF6E00B45CEC /* Qoop */,
				4B116E0C2E22BF7000B45CEC /* QoopTests */,
				4B116E162E22BF7000B45CEC /* QoopUITests */,
			);
		};
/* End PBXProject section */

/* Begin PBXResourcesBuildPhase section */
		4B116DF72E22BF6E00B45CEC /* Resources */ = {
			isa = PBXResourcesBuildPhase;
			buildActionMask = 2147483647;
			files = (
				4B116E382E22BF8400B45CEC /* Assets.xcassets in Resources */,
			);
			runOnlyForDeploymentPostprocessing = 0;
		};
		4B116E0B2E22BF7000B45CEC /* Resources */ = {
			isa = PBXResourcesBuildPhase;
			buildActionMask = 2147483647;
			files = (
			);
			runOnlyForDeploymentPostprocessing = 0;
		};
		4B116E152E22BF7000B45CEC /* Resources */ = {
			isa = PBXResourcesBuildPhase;
			buildActionMask = 2147483647;
			files = (
			);
			runOnlyForDeploymentPostprocessing = 0;
		};
/* End PBXResourcesBuildPhase section */

/* Begin PBXSourcesBuildPhase section */
		4B116DF52E22BF6E00B45CEC /* Sources */ = {
			isa = PBXSourcesBuildPhase;
			buildActionMask = 2147483647;
			files = (
				4B116E6A2E27F9FD00B45CEC /* EditExpenseScreen.swift in Sources */,
				4B116E772E340A4F00B45CEC /* ExpenseError.swift in Sources */,
				4B116E512E2405A100B45CEC /* Budget+Extensions.swift in Sources */,
				4B116E492E22E5C700B45CEC /* AddBudgetScreen.swift in Sources */,
				4B116E5C2E242CD300B45CEC /* EmojiPickerRow.swift in Sources */,
				4B116E4C2E22EA1D00B45CEC /* String+Extensions.swift in Sources */,
				4B116E602E25757C00B45CEC /* BudgetDetailScreen.swift in Sources */,
				4B116E472E22C64C00B45CEC /* BudgetListScreen.swift in Sources */,
				4B116E6C2E293CE200B45CEC /* AddExpenseScreen.swift in Sources */,
				4B116E682E26A8A300B45CEC /* Expense+Extensions.swift in Sources */,
				4B116E4F2E23F3DE00B45CEC /* BudgetViewModel.swift in Sources */,
				4B116E6E2E2D429700B45CEC /* EditBudgetScreen.swift in Sources */,
				4B116E582E2422E900B45CEC /* emojiCategories.swift in Sources */,
				4B116E622E2582E000B45CEC /* ExpenseViewModel.swift in Sources */,
				4B116E352E22BF8400B45CEC /* Persistence.swift in Sources */,
				4B116E542E241A4700B45CEC /* BudgetCardView.swift in Sources */,
				4B116E362E22BF8400B45CEC /* Qoop.xcdatamodeld in Sources */,
				4B116E792E351A6D00B45CEC /* BudgetError.swift in Sources */,
				4B116E5A2E24294A00B45CEC /* EmojiPickerView.swift in Sources */,
				4B116E662E26A7C300B45CEC /* ExpenseCardView.swift in Sources */,
				4B116E722E2FCB0200B45CEC /* OtherBudgetsSectionView.swift in Sources */,
				4B116E372E22BF8400B45CEC /* QoopApp.swift in Sources */,
				4B116E642E26A52800B45CEC /* Locale+Extensions.swift in Sources */,
				4B116E702E2FCA0300B45CEC /* ActiveBudgetsSectionView.swift in Sources */,
			);
			runOnlyForDeploymentPostprocessing = 0;
		};
		4B116E092E22BF7000B45CEC /* Sources */ = {
			isa = PBXSourcesBuildPhase;
			buildActionMask = 2147483647;
			files = (
				4B116E3C2E22BF8C00B45CEC /* QoopTests.swift in Sources */,
			);
			runOnlyForDeploymentPostprocessing = 0;
		};
		4B116E132E22BF7000B45CEC /* Sources */ = {
			isa = PBXSourcesBuildPhase;
			buildActionMask = 2147483647;
			files = (
				4B116E402E22BF9100B45CEC /* QoopUITests.swift in Sources */,
				4B116E412E22BF9100B45CEC /* QoopUITestsLaunchTests.swift in Sources */,
			);
			runOnlyForDeploymentPostprocessing = 0;
		};
/* End PBXSourcesBuildPhase section */

/* Begin PBXTargetDependency section */
		4B116E0F2E22BF7000B45CEC /* PBXTargetDependency */ = {
			isa = PBXTargetDependency;
			target = 4B116DF82E22BF6E00B45CEC /* Qoop */;
			targetProxy = 4B116E0E2E22BF7000B45CEC /* PBXContainerItemProxy */;
		};
		4B116E192E22BF7000B45CEC /* PBXTargetDependency */ = {
			isa = PBXTargetDependency;
			target = 4B116DF82E22BF6E00B45CEC /* Qoop */;
			targetProxy = 4B116E182E22BF7000B45CEC /* PBXContainerItemProxy */;
		};
/* End PBXTargetDependency section */

/* Begin XCBuildConfiguration section */
		4B116E212E22BF7000B45CEC /* Debug */ = {
			isa = XCBuildConfiguration;
			buildSettings = {
				ASSETCATALOG_COMPILER_APPICON_NAME = AppIcon;
				ASSETCATALOG_COMPILER_GLOBAL_ACCENT_COLOR_NAME = AccentColor;
				CODE_SIGN_ENTITLEMENTS = Qoop/Qoop.entitlements;
				CODE_SIGN_STYLE = Automatic;
				CURRENT_PROJECT_VERSION = 1;
				DEVELOPMENT_TEAM = QT3T249ZHN;
				ENABLE_PREVIEWS = YES;
				GENERATE_INFOPLIST_FILE = YES;
				INFOPLIST_FILE = Qoop/Info.plist;
				INFOPLIST_KEY_UIApplicationSceneManifest_Generation = YES;
				INFOPLIST_KEY_UIApplicationSupportsIndirectInputEvents = YES;
				INFOPLIST_KEY_UILaunchScreen_Generation = YES;
				INFOPLIST_KEY_UISupportedInterfaceOrientations_iPad = "UIInterfaceOrientationPortrait UIInterfaceOrientationPortraitUpsideDown UIInterfaceOrientationLandscapeLeft UIInterfaceOrientationLandscapeRight";
				INFOPLIST_KEY_UISupportedInterfaceOrientations_iPhone = "UIInterfaceOrientationPortrait UIInterfaceOrientationLandscapeLeft UIInterfaceOrientationLandscapeRight";
				LD_RUNPATH_SEARCH_PATHS = (
					"$(inherited)",
					"@executable_path/Frameworks",
				);
				MARKETING_VERSION = 1.0;
				PRODUCT_BUNDLE_IDENTIFIER = volossoftwarellc.Qoop;
				PRODUCT_NAME = "$(TARGET_NAME)";
				SWIFT_EMIT_LOC_STRINGS = YES;
				SWIFT_VERSION = 5.0;
				TARGETED_DEVICE_FAMILY = "1,2";
			};
			name = Debug;
		};
		4B116E222E22BF7000B45CEC /* Release */ = {
			isa = XCBuildConfiguration;
			buildSettings = {
				ASSETCATALOG_COMPILER_APPICON_NAME = AppIcon;
				ASSETCATALOG_COMPILER_GLOBAL_ACCENT_COLOR_NAME = AccentColor;
				CODE_SIGN_ENTITLEMENTS = Qoop/Qoop.entitlements;
				CODE_SIGN_STYLE = Automatic;
				CURRENT_PROJECT_VERSION = 1;
				DEVELOPMENT_TEAM = QT3T249ZHN;
				ENABLE_PREVIEWS = YES;
				GENERATE_INFOPLIST_FILE = YES;
				INFOPLIST_FILE = Qoop/Info.plist;
				INFOPLIST_KEY_UIApplicationSceneManifest_Generation = YES;
				INFOPLIST_KEY_UIApplicationSupportsIndirectInputEvents = YES;
				INFOPLIST_KEY_UILaunchScreen_Generation = YES;
				INFOPLIST_KEY_UISupportedInterfaceOrientations_iPad = "UIInterfaceOrientationPortrait UIInterfaceOrientationPortraitUpsideDown UIInterfaceOrientationLandscapeLeft UIInterfaceOrientationLandscapeRight";
				INFOPLIST_KEY_UISupportedInterfaceOrientations_iPhone = "UIInterfaceOrientationPortrait UIInterfaceOrientationLandscapeLeft UIInterfaceOrientationLandscapeRight";
				LD_RUNPATH_SEARCH_PATHS = (
					"$(inherited)",
					"@executable_path/Frameworks",
				);
				MARKETING_VERSION = 1.0;
				PRODUCT_BUNDLE_IDENTIFIER = volossoftwarellc.Qoop;
				PRODUCT_NAME = "$(TARGET_NAME)";
				SWIFT_EMIT_LOC_STRINGS = YES;
				SWIFT_VERSION = 5.0;
				TARGETED_DEVICE_FAMILY = "1,2";
			};
			name = Release;
		};
		4B116E232E22BF7000B45CEC /* Debug */ = {
			isa = XCBuildConfiguration;
			buildSettings = {
				ALWAYS_SEARCH_USER_PATHS = NO;
				ASSETCATALOG_COMPILER_GENERATE_SWIFT_ASSET_SYMBOL_EXTENSIONS = YES;
				CLANG_ANALYZER_NONNULL = YES;
				CLANG_ANALYZER_NUMBER_OBJECT_CONVERSION = YES_AGGRESSIVE;
				CLANG_CXX_LANGUAGE_STANDARD = "gnu++20";
				CLANG_ENABLE_MODULES = YES;
				CLANG_ENABLE_OBJC_ARC = YES;
				CLANG_ENABLE_OBJC_WEAK = YES;
				CLANG_WARN_BLOCK_CAPTURE_AUTORELEASING = YES;
				CLANG_WARN_BOOL_CONVERSION = YES;
				CLANG_WARN_COMMA = YES;
				CLANG_WARN_CONSTANT_CONVERSION = YES;
				CLANG_WARN_DEPRECATED_OBJC_IMPLEMENTATIONS = YES;
				CLANG_WARN_DIRECT_OBJC_ISA_USAGE = YES_ERROR;
				CLANG_WARN_DOCUMENTATION_COMMENTS = YES;
				CLANG_WARN_EMPTY_BODY = YES;
				CLANG_WARN_ENUM_CONVERSION = YES;
				CLANG_WARN_INFINITE_RECURSION = YES;
				CLANG_WARN_INT_CONVERSION = YES;
				CLANG_WARN_NON_LITERAL_NULL_CONVERSION = YES;
				CLANG_WARN_OBJC_IMPLICIT_RETAIN_SELF = YES;
				CLANG_WARN_OBJC_LITERAL_CONVERSION = YES;
				CLANG_WARN_OBJC_ROOT_CLASS = YES_ERROR;
				CLANG_WARN_QUOTED_INCLUDE_IN_FRAMEWORK_HEADER = YES;
				CLANG_WARN_RANGE_LOOP_ANALYSIS = YES;
				CLANG_WARN_STRICT_PROTOTYPES = YES;
				CLANG_WARN_SUSPICIOUS_MOVE = YES;
				CLANG_WARN_UNGUARDED_AVAILABILITY = YES_AGGRESSIVE;
				CLANG_WARN_UNREACHABLE_CODE = YES;
				CLANG_WARN__DUPLICATE_METHOD_MATCH = YES;
				COPY_PHASE_STRIP = NO;
				DEBUG_INFORMATION_FORMAT = dwarf;
				DEVELOPMENT_TEAM = QT3T249ZHN;
				ENABLE_STRICT_OBJC_MSGSEND = YES;
				ENABLE_TESTABILITY = YES;
				ENABLE_USER_SCRIPT_SANDBOXING = YES;
				GCC_C_LANGUAGE_STANDARD = gnu17;
				GCC_DYNAMIC_NO_PIC = NO;
				GCC_NO_COMMON_BLOCKS = YES;
				GCC_OPTIMIZATION_LEVEL = 0;
				GCC_PREPROCESSOR_DEFINITIONS = (
					"DEBUG=1",
					"$(inherited)",
				);
				GCC_WARN_64_TO_32_BIT_CONVERSION = YES;
				GCC_WARN_ABOUT_RETURN_TYPE = YES_ERROR;
				GCC_WARN_UNDECLARED_SELECTOR = YES;
				GCC_WARN_UNINITIALIZED_AUTOS = YES_AGGRESSIVE;
				GCC_WARN_UNUSED_FUNCTION = YES;
				GCC_WARN_UNUSED_VARIABLE = YES;
				IPHONEOS_DEPLOYMENT_TARGET = 18.5;
				LOCALIZATION_PREFERS_STRING_CATALOGS = YES;
				MTL_ENABLE_DEBUG_INFO = INCLUDE_SOURCE;
				MTL_FAST_MATH = YES;
				ONLY_ACTIVE_ARCH = YES;
				SDKROOT = iphoneos;
				SWIFT_ACTIVE_COMPILATION_CONDITIONS = "DEBUG $(inherited)";
				SWIFT_OPTIMIZATION_LEVEL = "-Onone";
			};
			name = Debug;
		};
		4B116E242E22BF7000B45CEC /* Release */ = {
			isa = XCBuildConfiguration;
			buildSettings = {
				ALWAYS_SEARCH_USER_PATHS = NO;
				ASSETCATALOG_COMPILER_GENERATE_SWIFT_ASSET_SYMBOL_EXTENSIONS = YES;
				CLANG_ANALYZER_NONNULL = YES;
				CLANG_ANALYZER_NUMBER_OBJECT_CONVERSION = YES_AGGRESSIVE;
				CLANG_CXX_LANGUAGE_STANDARD = "gnu++20";
				CLANG_ENABLE_MODULES = YES;
				CLANG_ENABLE_OBJC_ARC = YES;
				CLANG_ENABLE_OBJC_WEAK = YES;
				CLANG_WARN_BLOCK_CAPTURE_AUTORELEASING = YES;
				CLANG_WARN_BOOL_CONVERSION = YES;
				CLANG_WARN_COMMA = YES;
				CLANG_WARN_CONSTANT_CONVERSION = YES;
				CLANG_WARN_DEPRECATED_OBJC_IMPLEMENTATIONS = YES;
				CLANG_WARN_DIRECT_OBJC_ISA_USAGE = YES_ERROR;
				CLANG_WARN_DOCUMENTATION_COMMENTS = YES;
				CLANG_WARN_EMPTY_BODY = YES;
				CLANG_WARN_ENUM_CONVERSION = YES;
				CLANG_WARN_INFINITE_RECURSION = YES;
				CLANG_WARN_INT_CONVERSION = YES;
				CLANG_WARN_NON_LITERAL_NULL_CONVERSION = YES;
				CLANG_WARN_OBJC_IMPLICIT_RETAIN_SELF = YES;
				CLANG_WARN_OBJC_LITERAL_CONVERSION = YES;
				CLANG_WARN_OBJC_ROOT_CLASS = YES_ERROR;
				CLANG_WARN_QUOTED_INCLUDE_IN_FRAMEWORK_HEADER = YES;
				CLANG_WARN_RANGE_LOOP_ANALYSIS = YES;
				CLANG_WARN_STRICT_PROTOTYPES = YES;
				CLANG_WARN_SUSPICIOUS_MOVE = YES;
				CLANG_WARN_UNGUARDED_AVAILABILITY = YES_AGGRESSIVE;
				CLANG_WARN_UNREACHABLE_CODE = YES;
				CLANG_WARN__DUPLICATE_METHOD_MATCH = YES;
				COPY_PHASE_STRIP = NO;
				DEBUG_INFORMATION_FORMAT = "dwarf-with-dsym";
				DEVELOPMENT_TEAM = QT3T249ZHN;
				ENABLE_NS_ASSERTIONS = NO;
				ENABLE_STRICT_OBJC_MSGSEND = YES;
				ENABLE_USER_SCRIPT_SANDBOXING = YES;
				GCC_C_LANGUAGE_STANDARD = gnu17;
				GCC_NO_COMMON_BLOCKS = YES;
				GCC_WARN_64_TO_32_BIT_CONVERSION = YES;
				GCC_WARN_ABOUT_RETURN_TYPE = YES_ERROR;
				GCC_WARN_UNDECLARED_SELECTOR = YES;
				GCC_WARN_UNINITIALIZED_AUTOS = YES_AGGRESSIVE;
				GCC_WARN_UNUSED_FUNCTION = YES;
				GCC_WARN_UNUSED_VARIABLE = YES;
				IPHONEOS_DEPLOYMENT_TARGET = 18.5;
				LOCALIZATION_PREFERS_STRING_CATALOGS = YES;
				MTL_ENABLE_DEBUG_INFO = NO;
				MTL_FAST_MATH = YES;
				SDKROOT = iphoneos;
				SWIFT_COMPILATION_MODE = wholemodule;
				VALIDATE_PRODUCT = YES;
			};
			name = Release;
		};
		4B116E262E22BF7000B45CEC /* Debug */ = {
			isa = XCBuildConfiguration;
			buildSettings = {
				BUNDLE_LOADER = "$(TEST_HOST)";
				CODE_SIGN_STYLE = Automatic;
				CURRENT_PROJECT_VERSION = 1;
				DEVELOPMENT_TEAM = QT3T249ZHN;
				GENERATE_INFOPLIST_FILE = YES;
				IPHONEOS_DEPLOYMENT_TARGET = 18.5;
				MARKETING_VERSION = 1.0;
				PRODUCT_BUNDLE_IDENTIFIER = volossoftwarellc.QoopTests;
				PRODUCT_NAME = "$(TARGET_NAME)";
				SWIFT_EMIT_LOC_STRINGS = NO;
				SWIFT_VERSION = 5.0;
				TARGETED_DEVICE_FAMILY = "1,2";
				TEST_HOST = "$(BUILT_PRODUCTS_DIR)/Qoop.app/$(BUNDLE_EXECUTABLE_FOLDER_PATH)/Qoop";
			};
			name = Debug;
		};
		4B116E272E22BF7000B45CEC /* Release */ = {
			isa = XCBuildConfiguration;
			buildSettings = {
				BUNDLE_LOADER = "$(TEST_HOST)";
				CODE_SIGN_STYLE = Automatic;
				CURRENT_PROJECT_VERSION = 1;
				DEVELOPMENT_TEAM = QT3T249ZHN;
				GENERATE_INFOPLIST_FILE = YES;
				IPHONEOS_DEPLOYMENT_TARGET = 18.5;
				MARKETING_VERSION = 1.0;
				PRODUCT_BUNDLE_IDENTIFIER = volossoftwarellc.QoopTests;
				PRODUCT_NAME = "$(TARGET_NAME)";
				SWIFT_EMIT_LOC_STRINGS = NO;
				SWIFT_VERSION = 5.0;
				TARGETED_DEVICE_FAMILY = "1,2";
				TEST_HOST = "$(BUILT_PRODUCTS_DIR)/Qoop.app/$(BUNDLE_EXECUTABLE_FOLDER_PATH)/Qoop";
			};
			name = Release;
		};
		4B116E292E22BF7000B45CEC /* Debug */ = {
			isa = XCBuildConfiguration;
			buildSettings = {
				CODE_SIGN_STYLE = Automatic;
				CURRENT_PROJECT_VERSION = 1;
				DEVELOPMENT_TEAM = QT3T249ZHN;
				GENERATE_INFOPLIST_FILE = YES;
				MARKETING_VERSION = 1.0;
				PRODUCT_BUNDLE_IDENTIFIER = volossoftwarellc.QoopUITests;
				PRODUCT_NAME = "$(TARGET_NAME)";
				SWIFT_EMIT_LOC_STRINGS = NO;
				SWIFT_VERSION = 5.0;
				TARGETED_DEVICE_FAMILY = "1,2";
				TEST_TARGET_NAME = Qoop;
			};
			name = Debug;
		};
		4B116E2A2E22BF7000B45CEC /* Release */ = {
			isa = XCBuildConfiguration;
			buildSettings = {
				CODE_SIGN_STYLE = Automatic;
				CURRENT_PROJECT_VERSION = 1;
				DEVELOPMENT_TEAM = QT3T249ZHN;
				GENERATE_INFOPLIST_FILE = YES;
				MARKETING_VERSION = 1.0;
				PRODUCT_BUNDLE_IDENTIFIER = volossoftwarellc.QoopUITests;
				PRODUCT_NAME = "$(TARGET_NAME)";
				SWIFT_EMIT_LOC_STRINGS = NO;
				SWIFT_VERSION = 5.0;
				TARGETED_DEVICE_FAMILY = "1,2";
				TEST_TARGET_NAME = Qoop;
			};
			name = Release;
		};
/* End XCBuildConfiguration section */

/* Begin XCConfigurationList section */
		4B116DF42E22BF6E00B45CEC /* Build configuration list for PBXProject "Qoop" */ = {
			isa = XCConfigurationList;
			buildConfigurations = (
				4B116E232E22BF7000B45CEC /* Debug */,
				4B116E242E22BF7000B45CEC /* Release */,
			);
			defaultConfigurationIsVisible = 0;
			defaultConfigurationName = Release;
		};
		4B116E202E22BF7000B45CEC /* Build configuration list for PBXNativeTarget "Qoop" */ = {
			isa = XCConfigurationList;
			buildConfigurations = (
				4B116E212E22BF7000B45CEC /* Debug */,
				4B116E222E22BF7000B45CEC /* Release */,
			);
			defaultConfigurationIsVisible = 0;
			defaultConfigurationName = Release;
		};
		4B116E252E22BF7000B45CEC /* Build configuration list for PBXNativeTarget "QoopTests" */ = {
			isa = XCConfigurationList;
			buildConfigurations = (
				4B116E262E22BF7000B45CEC /* Debug */,
				4B116E272E22BF7000B45CEC /* Release */,
			);
			defaultConfigurationIsVisible = 0;
			defaultConfigurationName = Release;
		};
		4B116E282E22BF7000B45CEC /* Build configuration list for PBXNativeTarget "QoopUITests" */ = {
			isa = XCConfigurationList;
			buildConfigurations = (
				4B116E292E22BF7000B45CEC /* Debug */,
				4B116E2A2E22BF7000B45CEC /* Release */,
			);
			defaultConfigurationIsVisible = 0;
			defaultConfigurationName = Release;
		};
/* End XCConfigurationList section */

/* Begin XCVersionGroup section */
		4B116E302E22BF8400B45CEC /* Qoop.xcdatamodeld */ = {
			isa = XCVersionGroup;
			children = (
				4B116E332E22BF8400B45CEC /* Qoop.xcdatamodel */,
			);
			currentVersion = 4B116E332E22BF8400B45CEC /* Qoop.xcdatamodel */;
			path = Qoop.xcdatamodeld;
			sourceTree = "<group>";
			versionGroupType = wrapper.xcdatamodel;
		};
/* End XCVersionGroup section */
	};
	rootObject = 4B116DF12E22BF6E00B45CEC /* Project object */;
}
